
Microsoft Visual Studio Solution File, Format Version 12.00
# Visual Studio Version 17
VisualStudioVersion = 17.7.34221.43
MinimumVisualStudioVersion = 10.0.40219.1
Project("{FAE04EC0-301F-11D3-BF4B-00C04F79EFBC}") = "8.6.1", "8.6.1\8.6.1.csproj", "{60D6331F-D250-4871-86DD-389639B6690A}"
EndProject
Global
	GlobalSection(SolutionConfigurationPlatforms) = preSolution
		Debug|Any CPU = Debug|Any CPU
		Release|Any CPU = Release|Any CPU
	EndGlobalSection
	GlobalSection(ProjectConfigurationPlatforms) = postSolution
		{60D6331F-D250-4871-86DD-389639B6690A}.Debug|Any CPU.ActiveCfg = Debug|Any CPU
		{60D6331F-D250-4871-86DD-389639B6690A}.Debug|Any CPU.Build.0 = Debug|Any CPU
		{60D6331F-D250-4871-86DD-389639B6690A}.Release|Any CPU.ActiveCfg = Release|Any CPU
		{60D6331F-D250-4871-86DD-389639B6690A}.Release|Any CPU.Build.0 = Release|Any CPU
	EndGlobalSection
	GlobalSection(SolutionProperties) = preSolution
		HideSolutionNode = FALSE
	EndGlobalSection
	GlobalSection(ExtensibilityGlobals) = postSolution
		SolutionGuid = {AFB350AC-6718-467E-81B3-9818ED62D419}
	EndGlobalSection
EndGlobal
